// !$*UTF8*$!
{
	archiveVersion = 1;
	classes = {
	};
	objectVersion = 56;
	objects = {

/* Begin PBXBuildFile section */
		C10ABC5328F6AE26007BE152 /* MovieViewModel.swift in Sources */ = {isa = PBXBuildFile; fileRef = C10ABC5228F6AE26007BE152 /* MovieViewModel.swift */; };
		C10ABC5528F6FE7C007BE152 /* ImageDownloaderClient.swift in Sources */ = {isa = PBXBuildFile; fileRef = C10ABC5428F6FE7C007BE152 /* ImageDownloaderClient.swift */; };
		C10ABC5728F75D8F007BE152 /* CustomImage.swift in Sources */ = {isa = PBXBuildFile; fileRef = C10ABC5628F75D8F007BE152 /* CustomImage.swift */; };
		C11EF2A128F56B4300A5317E /* MovieSearchSwiftUIApp.swift in Sources */ = {isa = PBXBuildFile; fileRef = C11EF2A028F56B4300A5317E /* MovieSearchSwiftUIApp.swift */; };
		C11EF2A328F56B4300A5317E /* ContentView.swift in Sources */ = {isa = PBXBuildFile; fileRef = C11EF2A228F56B4300A5317E /* ContentView.swift */; };
		C11EF2A528F56B4500A5317E /* Assets.xcassets in Resources */ = {isa = PBXBuildFile; fileRef = C11EF2A428F56B4500A5317E /* Assets.xcassets */; };
		C11EF2A828F56B4500A5317E /* Preview Assets.xcassets in Resources */ = {isa = PBXBuildFile; fileRef = C11EF2A728F56B4500A5317E /* Preview Assets.xcassets */; };
		C11EF2B428F56BB200A5317E /* Movie.swift in Sources */ = {isa = PBXBuildFile; fileRef = C11EF2B328F56BB200A5317E /* Movie.swift */; };
		C11EF2B728F5752A00A5317E /* DownloaderClient.swift in Sources */ = {isa = PBXBuildFile; fileRef = C11EF2B628F5752A00A5317E /* DownloaderClient.swift */; };
		C11F14A928F8860C0012E702 /* MovieDetail.swift in Sources */ = {isa = PBXBuildFile; fileRef = C11F14A828F8860C0012E702 /* MovieDetail.swift */; };
		C11F14AB28F88B910012E702 /* MovieDetailViewModel.swift in Sources */ = {isa = PBXBuildFile; fileRef = C11F14AA28F88B910012E702 /* MovieDetailViewModel.swift */; };
		C15544B828F84278004910EB /* DetailView.swift in Sources */ = {isa = PBXBuildFile; fileRef = C15544B728F84278004910EB /* DetailView.swift */; };
/* End PBXBuildFile section */

/* Begin PBXFileReference section */
		C10ABC5228F6AE26007BE152 /* MovieViewModel.swift */ = {isa = PBXFileReference; lastKnownFileType = sourcecode.swift; path = MovieViewModel.swift; sourceTree = "<group>"; };
		C10ABC5428F6FE7C007BE152 /* ImageDownloaderClient.swift */ = {isa = PBXFileReference; lastKnownFileType = sourcecode.swift; path = ImageDownloaderClient.swift; sourceTree = "<group>"; };
		C10ABC5628F75D8F007BE152 /* CustomImage.swift */ = {isa = PBXFileReference; lastKnownFileType = sourcecode.swift; path = CustomImage.swift; sourceTree = "<group>"; };
		C11EF29D28F56B4300A5317E /* MovieSearchSwiftUI.app */ = {isa = PBXFileReference; explicitFileType = wrapper.application; includeInIndex = 0; path = MovieSearchSwiftUI.app; sourceTree = BUILT_PRODUCTS_DIR; };
		C11EF2A028F56B4300A5317E /* MovieSearchSwiftUIApp.swift */ = {isa = PBXFileReference; lastKnownFileType = sourcecode.swift; path = MovieSearchSwiftUIApp.swift; sourceTree = "<group>"; };
		C11EF2A228F56B4300A5317E /* ContentView.swift */ = {isa = PBXFileReference; lastKnownFileType = sourcecode.swift; path = ContentView.swift; sourceTree = "<group>"; };
		C11EF2A428F56B4500A5317E /* Assets.xcassets */ = {isa = PBXFileReference; lastKnownFileType = folder.assetcatalog; path = Assets.xcassets; sourceTree = "<group>"; };
		C11EF2A728F56B4500A5317E /* Preview Assets.xcassets */ = {isa = PBXFileReference; lastKnownFileType = folder.assetcatalog; path = "Preview Assets.xcassets"; sourceTree = "<group>"; };
		C11EF2B328F56BB200A5317E /* Movie.swift */ = {isa = PBXFileReference; lastKnownFileType = sourcecode.swift; path = Movie.swift; sourceTree = "<group>"; };
		C11EF2B628F5752A00A5317E /* DownloaderClient.swift */ = {isa = PBXFileReference; lastKnownFileType = sourcecode.swift; path = DownloaderClient.swift; sourceTree = "<group>"; };
		C11F14A828F8860C0012E702 /* MovieDetail.swift */ = {isa = PBXFileReference; lastKnownFileType = sourcecode.swift; path = MovieDetail.swift; sourceTree = "<group>"; };
		C11F14AA28F88B910012E702 /* MovieDetailViewModel.swift */ = {isa = PBXFileReference; lastKnownFileType = sourcecode.swift; path = MovieDetailViewModel.swift; sourceTree = "<group>"; };
		C11F14AC28F8969E0012E702 /* Info.plist */ = {isa = PBXFileReference; lastKnownFileType = text.plist; path = Info.plist; sourceTree = "<group>"; };
		C15544B728F84278004910EB /* DetailView.swift */ = {isa = PBXFileReference; lastKnownFileType = sourcecode.swift; path = DetailView.swift; sourceTree = "<group>"; };
/* End PBXFileReference section */

/* Begin PBXFrameworksBuildPhase section */
		C11EF29A28F56B4300A5317E /* Frameworks */ = {
			isa = PBXFrameworksBuildPhase;
			buildActionMask = 2147483647;
			files = (
			);
			runOnlyForDeploymentPostprocessing = 0;
		};
/* End PBXFrameworksBuildPhase section */

/* Begin PBXGroup section */
		C11EF29428F56B4300A5317E = {
			isa = PBXGroup;
			children = (
				C11EF29F28F56B4300A5317E /* MovieSearchSwiftUI */,
				C11EF29E28F56B4300A5317E /* Products */,
			);
			sourceTree = "<group>";
		};
		C11EF29E28F56B4300A5317E /* Products */ = {
			isa = PBXGroup;
			children = (
				C11EF29D28F56B4300A5317E /* MovieSearchSwiftUI.app */,
			);
			name = Products;
			sourceTree = "<group>";
		};
		C11EF29F28F56B4300A5317E /* MovieSearchSwiftUI */ = {
			isa = PBXGroup;
			children = (
				C11F14AC28F8969E0012E702 /* Info.plist */,
				C11EF2B528F574D600A5317E /* Service */,
				C11EF2B228F56B8400A5317E /* App */,
				C11EF2AE28F56B5000A5317E /* View */,
				C11EF2AF28F56B5700A5317E /* ViewModel */,
				C11EF2B128F56B7900A5317E /* Model */,
				C11EF2A428F56B4500A5317E /* Assets.xcassets */,
				C11EF2A628F56B4500A5317E /* Preview Content */,
			);
			path = MovieSearchSwiftUI;
			sourceTree = "<group>";
		};
		C11EF2A628F56B4500A5317E /* Preview Content */ = {
			isa = PBXGroup;
			children = (
				C11EF2A728F56B4500A5317E /* Preview Assets.xcassets */,
			);
			path = "Preview Content";
			sourceTree = "<group>";
		};
		C11EF2AE28F56B5000A5317E /* View */ = {
			isa = PBXGroup;
			children = (
				C11EF2A228F56B4300A5317E /* ContentView.swift */,
				C10ABC5628F75D8F007BE152 /* CustomImage.swift */,
				C15544B728F84278004910EB /* DetailView.swift */,
			);
			path = View;
			sourceTree = "<group>";
		};
		C11EF2AF28F56B5700A5317E /* ViewModel */ = {
			isa = PBXGroup;
			children = (
				C10ABC5228F6AE26007BE152 /* MovieViewModel.swift */,
				C11F14AA28F88B910012E702 /* MovieDetailViewModel.swift */,
			);
			path = ViewModel;
			sourceTree = "<group>";
		};
		C11EF2B128F56B7900A5317E /* Model */ = {
			isa = PBXGroup;
			children = (
				C11EF2B328F56BB200A5317E /* Movie.swift */,
				C11F14A828F8860C0012E702 /* MovieDetail.swift */,
			);
			path = Model;
			sourceTree = "<group>";
		};
		C11EF2B228F56B8400A5317E /* App */ = {
			isa = PBXGroup;
			children = (
				C11EF2A028F56B4300A5317E /* MovieSearchSwiftUIApp.swift */,
			);
			path = App;
			sourceTree = "<group>";
		};
		C11EF2B528F574D600A5317E /* Service */ = {
			isa = PBXGroup;
			children = (
				C11EF2B628F5752A00A5317E /* DownloaderClient.swift */,
				C10ABC5428F6FE7C007BE152 /* ImageDownloaderClient.swift */,
			);
			path = Service;
			sourceTree = "<group>";
		};
/* End PBXGroup section */

/* Begin PBXNativeTarget section */
		C11EF29C28F56B4300A5317E /* MovieSearchSwiftUI */ = {
			isa = PBXNativeTarget;
			buildConfigurationList = C11EF2AB28F56B4500A5317E /* Build configuration list for PBXNativeTarget "MovieSearchSwiftUI" */;
			buildPhases = (
				C11EF29928F56B4300A5317E /* Sources */,
				C11EF29A28F56B4300A5317E /* Frameworks */,
				C11EF29B28F56B4300A5317E /* Resources */,
			);
			buildRules = (
			);
			dependencies = (
			);
			name = MovieSearchSwiftUI;
			productName = FilmSearchSwiftUI;
			productReference = C11EF29D28F56B4300A5317E /* MovieSearchSwiftUI.app */;
			productType = "com.apple.product-type.application";
		};
/* End PBXNativeTarget section */

/* Begin PBXProject section */
		C11EF29528F56B4300A5317E /* Project object */ = {
			isa = PBXProject;
			attributes = {
				BuildIndependentTargetsInParallel = 1;
				LastSwiftUpdateCheck = 1400;
				LastUpgradeCheck = 1400;
				TargetAttributes = {
					C11EF29C28F56B4300A5317E = {
						CreatedOnToolsVersion = 14.0.1;
					};
				};
			};
			buildConfigurationList = C11EF29828F56B4300A5317E /* Build configuration list for PBXProject "MovieSearchSwiftUI" */;
			compatibilityVersion = "Xcode 14.0";
			developmentRegion = en;
			hasScannedForEncodings = 0;
			knownRegions = (
				en,
				Base,
			);
			mainGroup = C11EF29428F56B4300A5317E;
			productRefGroup = C11EF29E28F56B4300A5317E /* Products */;
			projectDirPath = "";
			projectRoot = "";
			targets = (
				C11EF29C28F56B4300A5317E /* MovieSearchSwiftUI */,
			);
		};
/* End PBXProject section */

/* Begin PBXResourcesBuildPhase section */
		C11EF29B28F56B4300A5317E /* Resources */ = {
			isa = PBXResourcesBuildPhase;
			buildActionMask = 2147483647;
			files = (
				C11EF2A828F56B4500A5317E /* Preview Assets.xcassets in Resources */,
				C11EF2A528F56B4500A5317E /* Assets.xcassets in Resources */,
			);
			runOnlyForDeploymentPostprocessing = 0;
		};
/* End PBXResourcesBuildPhase section */

/* Begin PBXSourcesBuildPhase section */
		C11EF29928F56B4300A5317E /* Sources */ = {
			isa = PBXSourcesBuildPhase;
			buildActionMask = 2147483647;
			files = (
				C10ABC5728F75D8F007BE152 /* CustomImage.swift in Sources */,
				C11EF2A328F56B4300A5317E /* ContentView.swift in Sources */,
				C10ABC5328F6AE26007BE152 /* MovieViewModel.swift in Sources */,
				C11F14A928F8860C0012E702 /* MovieDetail.swift in Sources */,
				C15544B828F84278004910EB /* DetailView.swift in Sources */,
				C11EF2B428F56BB200A5317E /* Movie.swift in Sources */,
				C11F14AB28F88B910012E702 /* MovieDetailViewModel.swift in Sources */,
				C11EF2A128F56B4300A5317E /* MovieSearchSwiftUIApp.swift in Sources */,
				C10ABC5528F6FE7C007BE152 /* ImageDownloaderClient.swift in Sources */,
				C11EF2B728F5752A00A5317E /* DownloaderClient.swift in Sources */,
			);
			runOnlyForDeploymentPostprocessing = 0;
		};
/* End PBXSourcesBuildPhase section */

/* Begin XCBuildConfiguration section */
		C11EF2A928F56B4500A5317E /* Debug */ = {
			isa = XCBuildConfiguration;
			buildSettings = {
				ALWAYS_SEARCH_USER_PATHS = NO;
				CLANG_ANALYZER_NONNULL = YES;
				CLANG_ANALYZER_NUMBER_OBJECT_CONVERSION = YES_AGGRESSIVE;
				CLANG_CXX_LANGUAGE_STANDARD = "gnu++20";
				CLANG_ENABLE_MODULES = YES;
				CLANG_ENABLE_OBJC_ARC = YES;
				CLANG_ENABLE_OBJC_WEAK = YES;
				CLANG_WARN_BLOCK_CAPTURE_AUTORELEASING = YES;
				CLANG_WARN_BOOL_CONVERSION = YES;
				CLANG_WARN_COMMA = YES;
				CLANG_WARN_CONSTANT_CONVERSION = YES;
				CLANG_WARN_DEPRECATED_OBJC_IMPLEMENTATIONS = YES;
				CLANG_WARN_DIRECT_OBJC_ISA_USAGE = YES_ERROR;
				CLANG_WARN_DOCUMENTATION_COMMENTS = YES;
				CLANG_WARN_EMPTY_BODY = YES;
				CLANG_WARN_ENUM_CONVERSION = YES;
				CLANG_WARN_INFINITE_RECURSION = YES;
				CLANG_WARN_INT_CONVERSION = YES;
				CLANG_WARN_NON_LITERAL_NULL_CONVERSION = YES;
				CLANG_WARN_OBJC_IMPLICIT_RETAIN_SELF = YES;
				CLANG_WARN_OBJC_LITERAL_CONVERSION = YES;
				CLANG_WARN_OBJC_ROOT_CLASS = YES_ERROR;
				CLANG_WARN_QUOTED_INCLUDE_IN_FRAMEWORK_HEADER = YES;
				CLANG_WARN_RANGE_LOOP_ANALYSIS = YES;
				CLANG_WARN_STRICT_PROTOTYPES = YES;
				CLANG_WARN_SUSPICIOUS_MOVE = YES;
				CLANG_WARN_UNGUARDED_AVAILABILITY = YES_AGGRESSIVE;
				CLANG_WARN_UNREACHABLE_CODE = YES;
				CLANG_WARN__DUPLICATE_METHOD_MATCH = YES;
				COPY_PHASE_STRIP = NO;
				DEBUG_INFORMATION_FORMAT = dwarf;
				ENABLE_STRICT_OBJC_MSGSEND = YES;
				ENABLE_TESTABILITY = YES;
				GCC_C_LANGUAGE_STANDARD = gnu11;
				GCC_DYNAMIC_NO_PIC = NO;
				GCC_NO_COMMON_BLOCKS = YES;
				GCC_OPTIMIZATION_LEVEL = 0;
				GCC_PREPROCESSOR_DEFINITIONS = (
					"DEBUG=1",
					"$(inherited)",
				);
				GCC_WARN_64_TO_32_BIT_CONVERSION = YES;
				GCC_WARN_ABOUT_RETURN_TYPE = YES_ERROR;
				GCC_WARN_UNDECLARED_SELECTOR = YES;
				GCC_WARN_UNINITIALIZED_AUTOS = YES_AGGRESSIVE;
				GCC_WARN_UNUSED_FUNCTION = YES;
				GCC_WARN_UNUSED_VARIABLE = YES;
				IPHONEOS_DEPLOYMENT_TARGET = 16.0;
				MTL_ENABLE_DEBUG_INFO = INCLUDE_SOURCE;
				MTL_FAST_MATH = YES;
				ONLY_ACTIVE_ARCH = YES;
				SDKROOT = iphoneos;
				SWIFT_ACTIVE_COMPILATION_CONDITIONS = DEBUG;
				SWIFT_OPTIMIZATION_LEVEL = "-Onone";
			};
			name = Debug;
		};
		C11EF2AA28F56B4500A5317E /* Release */ = {
			isa = XCBuildConfiguration;
			buildSettings = {
				ALWAYS_SEARCH_USER_PATHS = NO;
				CLANG_ANALYZER_NONNULL = YES;
				CLANG_ANALYZER_NUMBER_OBJECT_CONVERSION = YES_AGGRESSIVE;
				CLANG_CXX_LANGUAGE_STANDARD = "gnu++20";
				CLANG_ENABLE_MODULES = YES;
				CLANG_ENABLE_OBJC_ARC = YES;
				CLANG_ENABLE_OBJC_WEAK = YES;
				CLANG_WARN_BLOCK_CAPTURE_AUTORELEASING = YES;
				CLANG_WARN_BOOL_CONVERSION = YES;
				CLANG_WARN_COMMA = YES;
				CLANG_WARN_CONSTANT_CONVERSION = YES;
				CLANG_WARN_DEPRECATED_OBJC_IMPLEMENTATIONS = YES;
				CLANG_WARN_DIRECT_OBJC_ISA_USAGE = YES_ERROR;
				CLANG_WARN_DOCUMENTATION_COMMENTS = YES;
				CLANG_WARN_EMPTY_BODY = YES;
				CLANG_WARN_ENUM_CONVERSION = YES;
				CLANG_WARN_INFINITE_RECURSION = YES;
				CLANG_WARN_INT_CONVERSION = YES;
				CLANG_WARN_NON_LITERAL_NULL_CONVERSION = YES;
				CLANG_WARN_OBJC_IMPLICIT_RETAIN_SELF = YES;
				CLANG_WARN_OBJC_LITERAL_CONVERSION = YES;
				CLANG_WARN_OBJC_ROOT_CLASS = YES_ERROR;
				CLANG_WARN_QUOTED_INCLUDE_IN_FRAMEWORK_HEADER = YES;
				CLANG_WARN_RANGE_LOOP_ANALYSIS = YES;
				CLANG_WARN_STRICT_PROTOTYPES = YES;
				CLANG_WARN_SUSPICIOUS_MOVE = YES;
				CLANG_WARN_UNGUARDED_AVAILABILITY = YES_AGGRESSIVE;
				CLANG_WARN_UNREACHABLE_CODE = YES;
				CLANG_WARN__DUPLICATE_METHOD_MATCH = YES;
				COPY_PHASE_STRIP = NO;
				DEBUG_INFORMATION_FORMAT = "dwarf-with-dsym";
				ENABLE_NS_ASSERTIONS = NO;
				ENABLE_STRICT_OBJC_MSGSEND = YES;
				GCC_C_LANGUAGE_STANDARD = gnu11;
				GCC_NO_COMMON_BLOCKS = YES;
				GCC_WARN_64_TO_32_BIT_CONVERSION = YES;
				GCC_WARN_ABOUT_RETURN_TYPE = YES_ERROR;
				GCC_WARN_UNDECLARED_SELECTOR = YES;
				GCC_WARN_UNINITIALIZED_AUTOS = YES_AGGRESSIVE;
				GCC_WARN_UNUSED_FUNCTION = YES;
				GCC_WARN_UNUSED_VARIABLE = YES;
				IPHONEOS_DEPLOYMENT_TARGET = 16.0;
				MTL_ENABLE_DEBUG_INFO = NO;
				MTL_FAST_MATH = YES;
				SDKROOT = iphoneos;
				SWIFT_COMPILATION_MODE = wholemodule;
				SWIFT_OPTIMIZATION_LEVEL = "-O";
				VALIDATE_PRODUCT = YES;
			};
			name = Release;
		};
		C11EF2AC28F56B4500A5317E /* Debug */ = {
			isa = XCBuildConfiguration;
			buildSettings = {
				ASSETCATALOG_COMPILER_APPICON_NAME = AppIcon;
				ASSETCATALOG_COMPILER_GLOBAL_ACCENT_COLOR_NAME = AccentColor;
				CODE_SIGN_STYLE = Automatic;
				CURRENT_PROJECT_VERSION = 1;
				DEVELOPMENT_ASSET_PATHS = "\"MovieSearchSwiftUI/Preview Content\"";
				DEVELOPMENT_TEAM = 62SWVBM2A2;
				ENABLE_PREVIEWS = YES;
				GENERATE_INFOPLIST_FILE = YES;
				INFOPLIST_FILE = MovieSearchSwiftUI/Info.plist;
				INFOPLIST_KEY_UIApplicationSceneManifest_Generation = YES;
				INFOPLIST_KEY_UIApplicationSupportsIndirectInputEvents = YES;
				INFOPLIST_KEY_UILaunchScreen_Generation = YES;
				INFOPLIST_KEY_UISupportedInterfaceOrientations_iPad = "UIInterfaceOrientationPortrait UIInterfaceOrientationPortraitUpsideDown UIInterfaceOrientationLandscapeLeft UIInterfaceOrientationLandscapeRight";
				INFOPLIST_KEY_UISupportedInterfaceOrientations_iPhone = "UIInterfaceOrientationPortrait UIInterfaceOrientationLandscapeLeft UIInterfaceOrientationLandscapeRight";
				LD_RUNPATH_SEARCH_PATHS = (
					"$(inherited)",
					"@executable_path/Frameworks",
				);
				MARKETING_VERSION = 1.0;
				PRODUCT_BUNDLE_IDENTIFIER = com.barisyesilkayaa.FilmSearchSwiftUI;
				PRODUCT_NAME = "$(TARGET_NAME)";
				SWIFT_EMIT_LOC_STRINGS = YES;
				SWIFT_VERSION = 5.0;
				TARGETED_DEVICE_FAMILY = "1,2";
			};
			name = Debug;
		};
		C11EF2AD28F56B4500A5317E /* Release */ = {
			isa = XCBuildConfiguration;
			buildSettings = {
				ASSETCATALOG_COMPILER_APPICON_NAME = AppIcon;
				ASSETCATALOG_COMPILER_GLOBAL_ACCENT_COLOR_NAME = AccentColor;
				CODE_SIGN_STYLE = Automatic;
				CURRENT_PROJECT_VERSION = 1;
				DEVELOPMENT_ASSET_PATHS = "\"MovieSearchSwiftUI/Preview Content\"";
				DEVELOPMENT_TEAM = 62SWVBM2A2;
				ENABLE_PREVIEWS = YES;
				GENERATE_INFOPLIST_FILE = YES;
				INFOPLIST_FILE = MovieSearchSwiftUI/Info.plist;
				INFOPLIST_KEY_UIApplicationSceneManifest_Generation = YES;
				INFOPLIST_KEY_UIApplicationSupportsIndirectInputEvents = YES;
				INFOPLIST_KEY_UILaunchScreen_Generation = YES;
				INFOPLIST_KEY_UISupportedInterfaceOrientations_iPad = "UIInterfaceOrientationPortrait UIInterfaceOrientationPortraitUpsideDown UIInterfaceOrientationLandscapeLeft UIInterfaceOrientationLandscapeRight";
				INFOPLIST_KEY_UISupportedInterfaceOrientations_iPhone = "UIInterfaceOrientationPortrait UIInterfaceOrientationLandscapeLeft UIInterfaceOrientationLandscapeRight";
				LD_RUNPATH_SEARCH_PATHS = (
					"$(inherited)",
					"@executable_path/Frameworks",
				);
				MARKETING_VERSION = 1.0;
				PRODUCT_BUNDLE_IDENTIFIER = com.barisyesilkayaa.FilmSearchSwiftUI;
				PRODUCT_NAME = "$(TARGET_NAME)";
				SWIFT_EMIT_LOC_STRINGS = YES;
				SWIFT_VERSION = 5.0;
				TARGETED_DEVICE_FAMILY = "1,2";
			};
			name = Release;
		};
/* End XCBuildConfiguration section */

/* Begin XCConfigurationList section */
		C11EF29828F56B4300A5317E /* Build configuration list for PBXProject "MovieSearchSwiftUI" */ = {
			isa = XCConfigurationList;
			buildConfigurations = (
				C11EF2A928F56B4500A5317E /* Debug */,
				C11EF2AA28F56B4500A5317E /* Release */,
			);
			defaultConfigurationIsVisible = 0;
			defaultConfigurationName = Release;
		};
		C11EF2AB28F56B4500A5317E /* Build configuration list for PBXNativeTarget "MovieSearchSwiftUI" */ = {
			isa = XCConfigurationList;
			buildConfigurations = (
				C11EF2AC28F56B4500A5317E /* Debug */,
				C11EF2AD28F56B4500A5317E /* Release */,
			);
			defaultConfigurationIsVisible = 0;
			defaultConfigurationName = Release;
		};
/* End XCConfigurationList section */
	};
	rootObject = C11EF29528F56B4300A5317E /* Project object */;
}
